
Microsoft Visual Studio Solution File, Format Version 12.00
# Visual Studio 2012
Project("{FAE04EC0-301F-11D3-BF4B-00C04F79EFBC}") = "EasyConnect", "Voice2\EasyConnect.csproj", "{B449C0DE-FDFC-41B8-8F5B-79BBFBA8DCDC}"
EndProject
Project("{FAE04EC0-301F-11D3-BF4B-00C04F79EFBC}") = "EasyCoTest", "EasyCoTest\EasyCoTest.csproj", "{C36DB720-CD76-4867-8AB7-0524CAB063F7}"
EndProject
Global
	GlobalSection(SolutionConfigurationPlatforms) = preSolution
		Debug|Any CPU = Debug|Any CPU
		Release|Any CPU = Release|Any CPU
	EndGlobalSection
	GlobalSection(ProjectConfigurationPlatforms) = postSolution
		{B449C0DE-FDFC-41B8-8F5B-79BBFBA8DCDC}.Debug|Any CPU.ActiveCfg = Debug|Any CPU
		{B449C0DE-FDFC-41B8-8F5B-79BBFBA8DCDC}.Debug|Any CPU.Build.0 = Debug|Any CPU
		{B449C0DE-FDFC-41B8-8F5B-79BBFBA8DCDC}.Release|Any CPU.ActiveCfg = Release|Any CPU
		{B449C0DE-FDFC-41B8-8F5B-79BBFBA8DCDC}.Release|Any CPU.Build.0 = Release|Any CPU
		{C36DB720-CD76-4867-8AB7-0524CAB063F7}.Debug|Any CPU.ActiveCfg = Debug|Any CPU
		{C36DB720-CD76-4867-8AB7-0524CAB063F7}.Debug|Any CPU.Build.0 = Debug|Any CPU
		{C36DB720-CD76-4867-8AB7-0524CAB063F7}.Release|Any CPU.ActiveCfg = Release|Any CPU
		{C36DB720-CD76-4867-8AB7-0524CAB063F7}.Release|Any CPU.Build.0 = Release|Any CPU
	EndGlobalSection
	GlobalSection(SolutionProperties) = preSolution
		HideSolutionNode = FALSE
	EndGlobalSection
EndGlobal
